
Microsoft Visual Studio Solution File, Format Version 12.00
# Visual Studio Version 16
VisualStudioVersion = 16.0.30523.141
MinimumVisualStudioVersion = 10.0.40219.1
Project("{FAE04EC0-301F-11D3-BF4B-00C04F79EFBC}") = "MyCalculator.Android", "MyCalculator\MyCalculator.Android\MyCalculator.Android.csproj", "{6874ABCD-AAF5-4D6D-877E-B4F453301484}"
EndProject
Project("{FAE04EC0-301F-11D3-BF4B-00C04F79EFBC}") = "MyCalculator.iOS", "MyCalculator\MyCalculator.iOS\MyCalculator.iOS.csproj", "{BCE8895E-40CC-4A5F-BDCF-1E5E82275A72}"
EndProject
Project("{FAE04EC0-301F-11D3-BF4B-00C04F79EFBC}") = "MyCalculator", "MyCalculator\MyCalculator\MyCalculator.csproj", "{5FD8AE5A-501A-454A-9CEC-33E5DD8DCC3F}"
EndProject
Global
	GlobalSection(SolutionConfigurationPlatforms) = preSolution
		Debug|Any CPU = Debug|Any CPU
		Debug|iPhone = Debug|iPhone
		Debug|iPhoneSimulator = Debug|iPhoneSimulator
		Release|Any CPU = Release|Any CPU
		Release|iPhone = Release|iPhone
		Release|iPhoneSimulator = Release|iPhoneSimulator
	EndGlobalSection
	GlobalSection(ProjectConfigurationPlatforms) = postSolution
		{6874ABCD-AAF5-4D6D-877E-B4F453301484}.Debug|Any CPU.ActiveCfg = Debug|Any CPU
		{6874ABCD-AAF5-4D6D-877E-B4F453301484}.Debug|Any CPU.Build.0 = Debug|Any CPU
		{6874ABCD-AAF5-4D6D-877E-B4F453301484}.Debug|Any CPU.Deploy.0 = Debug|Any CPU
		{6874ABCD-AAF5-4D6D-877E-B4F453301484}.Debug|iPhone.ActiveCfg = Debug|Any CPU
		{6874ABCD-AAF5-4D6D-877E-B4F453301484}.Debug|iPhone.Build.0 = Debug|Any CPU
		{6874ABCD-AAF5-4D6D-877E-B4F453301484}.Debug|iPhone.Deploy.0 = Debug|Any CPU
		{6874ABCD-AAF5-4D6D-877E-B4F453301484}.Debug|iPhoneSimulator.ActiveCfg = Debug|Any CPU
		{6874ABCD-AAF5-4D6D-877E-B4F453301484}.Debug|iPhoneSimulator.Build.0 = Debug|Any CPU
		{6874ABCD-AAF5-4D6D-877E-B4F453301484}.Debug|iPhoneSimulator.Deploy.0 = Debug|Any CPU
		{6874ABCD-AAF5-4D6D-877E-B4F453301484}.Release|Any CPU.ActiveCfg = Release|Any CPU
		{6874ABCD-AAF5-4D6D-877E-B4F453301484}.Release|Any CPU.Build.0 = Release|Any CPU
		{6874ABCD-AAF5-4D6D-877E-B4F453301484}.Release|Any CPU.Deploy.0 = Release|Any CPU
		{6874ABCD-AAF5-4D6D-877E-B4F453301484}.Release|iPhone.ActiveCfg = Release|Any CPU
		{6874ABCD-AAF5-4D6D-877E-B4F453301484}.Release|iPhone.Build.0 = Release|Any CPU
		{6874ABCD-AAF5-4D6D-877E-B4F453301484}.Release|iPhone.Deploy.0 = Release|Any CPU
		{6874ABCD-AAF5-4D6D-877E-B4F453301484}.Release|iPhoneSimulator.ActiveCfg = Release|Any CPU
		{6874ABCD-AAF5-4D6D-877E-B4F453301484}.Release|iPhoneSimulator.Build.0 = Release|Any CPU
		{6874ABCD-AAF5-4D6D-877E-B4F453301484}.Release|iPhoneSimulator.Deploy.0 = Release|Any CPU
		{BCE8895E-40CC-4A5F-BDCF-1E5E82275A72}.Debug|Any CPU.ActiveCfg = Debug|iPhone
		{BCE8895E-40CC-4A5F-BDCF-1E5E82275A72}.Debug|Any CPU.Build.0 = Debug|iPhone
		{BCE8895E-40CC-4A5F-BDCF-1E5E82275A72}.Debug|Any CPU.Deploy.0 = Debug|iPhone
		{BCE8895E-40CC-4A5F-BDCF-1E5E82275A72}.Debug|iPhone.ActiveCfg = Debug|iPhone
		{BCE8895E-40CC-4A5F-BDCF-1E5E82275A72}.Debug|iPhone.Build.0 = Debug|iPhone
		{BCE8895E-40CC-4A5F-BDCF-1E5E82275A72}.Debug|iPhone.Deploy.0 = Debug|iPhone
		{BCE8895E-40CC-4A5F-BDCF-1E5E82275A72}.Debug|iPhoneSimulator.ActiveCfg = Debug|iPhoneSimulator
		{BCE8895E-40CC-4A5F-BDCF-1E5E82275A72}.Debug|iPhoneSimulator.Build.0 = Debug|iPhoneSimulator
		{BCE8895E-40CC-4A5F-BDCF-1E5E82275A72}.Debug|iPhoneSimulator.Deploy.0 = Debug|iPhoneSimulator
		{BCE8895E-40CC-4A5F-BDCF-1E5E82275A72}.Release|Any CPU.ActiveCfg = Release|iPhoneSimulator
		{BCE8895E-40CC-4A5F-BDCF-1E5E82275A72}.Release|Any CPU.Build.0 = Release|iPhoneSimulator
		{BCE8895E-40CC-4A5F-BDCF-1E5E82275A72}.Release|Any CPU.Deploy.0 = Release|iPhoneSimulator
		{BCE8895E-40CC-4A5F-BDCF-1E5E82275A72}.Release|iPhone.ActiveCfg = Release|iPhone
		{BCE8895E-40CC-4A5F-BDCF-1E5E82275A72}.Release|iPhone.Build.0 = Release|iPhone
		{BCE8895E-40CC-4A5F-BDCF-1E5E82275A72}.Release|iPhone.Deploy.0 = Release|iPhone
		{BCE8895E-40CC-4A5F-BDCF-1E5E82275A72}.Release|iPhoneSimulator.ActiveCfg = Release|iPhoneSimulator
		{BCE8895E-40CC-4A5F-BDCF-1E5E82275A72}.Release|iPhoneSimulator.Build.0 = Release|iPhoneSimulator
		{BCE8895E-40CC-4A5F-BDCF-1E5E82275A72}.Release|iPhoneSimulator.Deploy.0 = Release|iPhoneSimulator
		{5FD8AE5A-501A-454A-9CEC-33E5DD8DCC3F}.Debug|Any CPU.ActiveCfg = Debug|Any CPU
		{5FD8AE5A-501A-454A-9CEC-33E5DD8DCC3F}.Debug|Any CPU.Build.0 = Debug|Any CPU
		{5FD8AE5A-501A-454A-9CEC-33E5DD8DCC3F}.Debug|Any CPU.Deploy.0 = Debug|Any CPU
		{5FD8AE5A-501A-454A-9CEC-33E5DD8DCC3F}.Debug|iPhone.ActiveCfg = Debug|Any CPU
		{5FD8AE5A-501A-454A-9CEC-33E5DD8DCC3F}.Debug|iPhone.Build.0 = Debug|Any CPU
		{5FD8AE5A-501A-454A-9CEC-33E5DD8DCC3F}.Debug|iPhone.Deploy.0 = Debug|Any CPU
		{5FD8AE5A-501A-454A-9CEC-33E5DD8DCC3F}.Debug|iPhoneSimulator.ActiveCfg = Debug|Any CPU
		{5FD8AE5A-501A-454A-9CEC-33E5DD8DCC3F}.Debug|iPhoneSimulator.Build.0 = Debug|Any CPU
		{5FD8AE5A-501A-454A-9CEC-33E5DD8DCC3F}.Debug|iPhoneSimulator.Deploy.0 = Debug|Any CPU
		{5FD8AE5A-501A-454A-9CEC-33E5DD8DCC3F}.Release|Any CPU.ActiveCfg = Release|Any CPU
		{5FD8AE5A-501A-454A-9CEC-33E5DD8DCC3F}.Release|Any CPU.Build.0 = Release|Any CPU
		{5FD8AE5A-501A-454A-9CEC-33E5DD8DCC3F}.Release|Any CPU.Deploy.0 = Release|Any CPU
		{5FD8AE5A-501A-454A-9CEC-33E5DD8DCC3F}.Release|iPhone.ActiveCfg = Release|Any CPU
		{5FD8AE5A-501A-454A-9CEC-33E5DD8DCC3F}.Release|iPhone.Build.0 = Release|Any CPU
		{5FD8AE5A-501A-454A-9CEC-33E5DD8DCC3F}.Release|iPhone.Deploy.0 = Release|Any CPU
		{5FD8AE5A-501A-454A-9CEC-33E5DD8DCC3F}.Release|iPhoneSimulator.ActiveCfg = Release|Any CPU
		{5FD8AE5A-501A-454A-9CEC-33E5DD8DCC3F}.Release|iPhoneSimulator.Build.0 = Release|Any CPU
		{5FD8AE5A-501A-454A-9CEC-33E5DD8DCC3F}.Release|iPhoneSimulator.Deploy.0 = Release|Any CPU
	EndGlobalSection
	GlobalSection(SolutionProperties) = preSolution
		HideSolutionNode = FALSE
	EndGlobalSection
	GlobalSection(ExtensibilityGlobals) = postSolution
		SolutionGuid = {61B28162-060E-4A3D-A02C-9D881B7DBF7C}
	EndGlobalSection
EndGlobal
